
Microsoft Visual Studio Solution File, Format Version 12.00
# Visual Studio 2012
Project("{FAE04EC0-301F-11D3-BF4B-00C04F79EFBC}") = "HelloWorld_ios", "HelloWorld_ios\HelloWorld_ios.csproj", "{4D3C8FAD-D29A-4997-8E85-0C4D77335B94}"
EndProject
Global
	GlobalSection(SolutionConfigurationPlatforms) = preSolution
		Debug|iPhoneSimulator = Debug|iPhoneSimulator
		Release|iPhone = Release|iPhone
		Release|iPhoneSimulator = Release|iPhoneSimulator
		Debug|iPhone = Debug|iPhone
	EndGlobalSection
	GlobalSection(ProjectConfigurationPlatforms) = postSolution
		{4D3C8FAD-D29A-4997-8E85-0C4D77335B94}.Debug|iPhoneSimulator.ActiveCfg = Debug|iPhoneSimulator
		{4D3C8FAD-D29A-4997-8E85-0C4D77335B94}.Debug|iPhoneSimulator.Build.0 = Debug|iPhoneSimulator
		{4D3C8FAD-D29A-4997-8E85-0C4D77335B94}.Release|iPhone.ActiveCfg = Release|iPhone
		{4D3C8FAD-D29A-4997-8E85-0C4D77335B94}.Release|iPhone.Build.0 = Release|iPhone
		{4D3C8FAD-D29A-4997-8E85-0C4D77335B94}.Release|iPhoneSimulator.ActiveCfg = Release|iPhoneSimulator
		{4D3C8FAD-D29A-4997-8E85-0C4D77335B94}.Release|iPhoneSimulator.Build.0 = Release|iPhoneSimulator
		{4D3C8FAD-D29A-4997-8E85-0C4D77335B94}.Debug|iPhone.ActiveCfg = Debug|iPhone
		{4D3C8FAD-D29A-4997-8E85-0C4D77335B94}.Debug|iPhone.Build.0 = Debug|iPhone
	EndGlobalSection
EndGlobal
